
Microsoft Visual Studio Solution File, Format Version 12.00
# Visual Studio Version 16
VisualStudioVersion = 16.0.32106.194
MinimumVisualStudioVersion = 10.0.40219.1
Project("{9A19103F-16F7-4668-BE54-9A1E7A4F7556}") = "LINQ", "LINQ\LINQ.csproj", "{D4964551-F6D1-4542-9645-D7DFD3087C0B}"
EndProject
Project("{9A19103F-16F7-4668-BE54-9A1E7A4F7556}") = "Delegates", "Delegates\Delegates.csproj", "{50E6A972-110B-462D-B6EE-918102E108DC}"
EndProject
Project("{9A19103F-16F7-4668-BE54-9A1E7A4F7556}") = "Reflection", "Reflection\Reflection.csproj", "{91676ACF-6485-4B03-94DC-BDBB4AE5D3CA}"
EndProject
Project("{9A19103F-16F7-4668-BE54-9A1E7A4F7556}") = "Events", "Events\Events.csproj", "{EF6144D8-778B-4E84-94A2-D0B58C12DD80}"
EndProject
Project("{9A19103F-16F7-4668-BE54-9A1E7A4F7556}") = "InterfaceMethods", "InterfaceMethods\InterfaceMethods.csproj", "{697DEBED-FAB4-4096-9C9C-9B2A1FB016F6}"
EndProject
Project("{9A19103F-16F7-4668-BE54-9A1E7A4F7556}") = "AllClasses", "AllClasses\AllClasses.csproj", "{A7CCD2C3-8CE3-4531-A15A-A71928C3C4B0}"
EndProject
Project("{9A19103F-16F7-4668-BE54-9A1E7A4F7556}") = "CommonCode", "CommonCode\CommonCode.csproj", "{A460FDB6-1891-4C74-A436-095416F286C5}"
EndProject
Global
	GlobalSection(SolutionConfigurationPlatforms) = preSolution
		Debug|Any CPU = Debug|Any CPU
		Release|Any CPU = Release|Any CPU
	EndGlobalSection
	GlobalSection(ProjectConfigurationPlatforms) = postSolution
		{D4964551-F6D1-4542-9645-D7DFD3087C0B}.Debug|Any CPU.ActiveCfg = Debug|Any CPU
		{D4964551-F6D1-4542-9645-D7DFD3087C0B}.Debug|Any CPU.Build.0 = Debug|Any CPU
		{D4964551-F6D1-4542-9645-D7DFD3087C0B}.Release|Any CPU.ActiveCfg = Release|Any CPU
		{D4964551-F6D1-4542-9645-D7DFD3087C0B}.Release|Any CPU.Build.0 = Release|Any CPU
		{50E6A972-110B-462D-B6EE-918102E108DC}.Debug|Any CPU.ActiveCfg = Debug|Any CPU
		{50E6A972-110B-462D-B6EE-918102E108DC}.Debug|Any CPU.Build.0 = Debug|Any CPU
		{50E6A972-110B-462D-B6EE-918102E108DC}.Release|Any CPU.ActiveCfg = Release|Any CPU
		{50E6A972-110B-462D-B6EE-918102E108DC}.Release|Any CPU.Build.0 = Release|Any CPU
		{91676ACF-6485-4B03-94DC-BDBB4AE5D3CA}.Debug|Any CPU.ActiveCfg = Debug|Any CPU
		{91676ACF-6485-4B03-94DC-BDBB4AE5D3CA}.Debug|Any CPU.Build.0 = Debug|Any CPU
		{91676ACF-6485-4B03-94DC-BDBB4AE5D3CA}.Release|Any CPU.ActiveCfg = Release|Any CPU
		{91676ACF-6485-4B03-94DC-BDBB4AE5D3CA}.Release|Any CPU.Build.0 = Release|Any CPU
		{EF6144D8-778B-4E84-94A2-D0B58C12DD80}.Debug|Any CPU.ActiveCfg = Debug|Any CPU
		{EF6144D8-778B-4E84-94A2-D0B58C12DD80}.Debug|Any CPU.Build.0 = Debug|Any CPU
		{EF6144D8-778B-4E84-94A2-D0B58C12DD80}.Release|Any CPU.ActiveCfg = Release|Any CPU
		{EF6144D8-778B-4E84-94A2-D0B58C12DD80}.Release|Any CPU.Build.0 = Release|Any CPU
		{697DEBED-FAB4-4096-9C9C-9B2A1FB016F6}.Debug|Any CPU.ActiveCfg = Debug|Any CPU
		{697DEBED-FAB4-4096-9C9C-9B2A1FB016F6}.Debug|Any CPU.Build.0 = Debug|Any CPU
		{697DEBED-FAB4-4096-9C9C-9B2A1FB016F6}.Release|Any CPU.ActiveCfg = Release|Any CPU
		{697DEBED-FAB4-4096-9C9C-9B2A1FB016F6}.Release|Any CPU.Build.0 = Release|Any CPU
		{A7CCD2C3-8CE3-4531-A15A-A71928C3C4B0}.Debug|Any CPU.ActiveCfg = Debug|Any CPU
		{A7CCD2C3-8CE3-4531-A15A-A71928C3C4B0}.Debug|Any CPU.Build.0 = Debug|Any CPU
		{A7CCD2C3-8CE3-4531-A15A-A71928C3C4B0}.Release|Any CPU.ActiveCfg = Release|Any CPU
		{A7CCD2C3-8CE3-4531-A15A-A71928C3C4B0}.Release|Any CPU.Build.0 = Release|Any CPU
		{A460FDB6-1891-4C74-A436-095416F286C5}.Debug|Any CPU.ActiveCfg = Debug|Any CPU
		{A460FDB6-1891-4C74-A436-095416F286C5}.Debug|Any CPU.Build.0 = Debug|Any CPU
		{A460FDB6-1891-4C74-A436-095416F286C5}.Release|Any CPU.ActiveCfg = Release|Any CPU
		{A460FDB6-1891-4C74-A436-095416F286C5}.Release|Any CPU.Build.0 = Release|Any CPU
	EndGlobalSection
	GlobalSection(SolutionProperties) = preSolution
		HideSolutionNode = FALSE
	EndGlobalSection
	GlobalSection(ExtensibilityGlobals) = postSolution
		SolutionGuid = {192CE617-B009-4F9F-A057-CBE1F55649C3}
	EndGlobalSection
EndGlobal
